
Microsoft Visual Studio Solution File, Format Version 12.00
# Visual Studio 15
VisualStudioVersion = 15.0.27004.2010
MinimumVisualStudioVersion = 10.0.40219.1
Project("{8BC9CEB8-8B4A-11D0-8D11-00A0C91BC942}") = "List", "List\List.vcxproj", "{A7B8D5BF-D236-4A35-A446-71C248EC300D}"
EndProject
Global
	GlobalSection(SolutionConfigurationPlatforms) = preSolution
		Debug|x64 = Debug|x64
		Debug|x86 = Debug|x86
		Release|x64 = Release|x64
		Release|x86 = Release|x86
	EndGlobalSection
	GlobalSection(ProjectConfigurationPlatforms) = postSolution
		{A7B8D5BF-D236-4A35-A446-71C248EC300D}.Debug|x64.ActiveCfg = Debug|x64
		{A7B8D5BF-D236-4A35-A446-71C248EC300D}.Debug|x64.Build.0 = Debug|x64
		{A7B8D5BF-D236-4A35-A446-71C248EC300D}.Debug|x86.ActiveCfg = Debug|Win32
		{A7B8D5BF-D236-4A35-A446-71C248EC300D}.Debug|x86.Build.0 = Debug|Win32
		{A7B8D5BF-D236-4A35-A446-71C248EC300D}.Release|x64.ActiveCfg = Release|x64
		{A7B8D5BF-D236-4A35-A446-71C248EC300D}.Release|x64.Build.0 = Release|x64
		{A7B8D5BF-D236-4A35-A446-71C248EC300D}.Release|x86.ActiveCfg = Release|Win32
		{A7B8D5BF-D236-4A35-A446-71C248EC300D}.Release|x86.Build.0 = Release|Win32
	EndGlobalSection
	GlobalSection(SolutionProperties) = preSolution
		HideSolutionNode = FALSE
	EndGlobalSection
	GlobalSection(ExtensibilityGlobals) = postSolution
		SolutionGuid = {70A4FA9B-E313-43E6-BA3A-6FEDA0B636E3}
	EndGlobalSection
EndGlobal
